
Microsoft Visual Studio Solution File, Format Version 12.00
# Visual Studio Version 17
VisualStudioVersion = 17.2.32630.192
MinimumVisualStudioVersion = 10.0.40219.1
Project("{FAE04EC0-301F-11D3-BF4B-00C04F79EFBC}") = "WindowLifetimeService", "WindowLifetimeService\WindowLifetimeService.csproj", "{D7364BE6-8601-4215-B537-2CF983503067}"
EndProject
Project("{FAE04EC0-301F-11D3-BF4B-00C04F79EFBC}") = "Test", "Test\Test.csproj", "{5FAA4B1D-F705-4A92-869D-76E636EC3362}"
EndProject
Global
	GlobalSection(SolutionConfigurationPlatforms) = preSolution
		Debug|Any CPU = Debug|Any CPU
		Release|Any CPU = Release|Any CPU
	EndGlobalSection
	GlobalSection(ProjectConfigurationPlatforms) = postSolution
		{D7364BE6-8601-4215-B537-2CF983503067}.Debug|Any CPU.ActiveCfg = Debug|Any CPU
		{D7364BE6-8601-4215-B537-2CF983503067}.Debug|Any CPU.Build.0 = Debug|Any CPU
		{D7364BE6-8601-4215-B537-2CF983503067}.Release|Any CPU.ActiveCfg = Release|Any CPU
		{D7364BE6-8601-4215-B537-2CF983503067}.Release|Any CPU.Build.0 = Release|Any CPU
		{5FAA4B1D-F705-4A92-869D-76E636EC3362}.Debug|Any CPU.ActiveCfg = Debug|Any CPU
		{5FAA4B1D-F705-4A92-869D-76E636EC3362}.Debug|Any CPU.Build.0 = Debug|Any CPU
		{5FAA4B1D-F705-4A92-869D-76E636EC3362}.Release|Any CPU.ActiveCfg = Release|Any CPU
		{5FAA4B1D-F705-4A92-869D-76E636EC3362}.Release|Any CPU.Build.0 = Release|Any CPU
	EndGlobalSection
	GlobalSection(SolutionProperties) = preSolution
		HideSolutionNode = FALSE
	EndGlobalSection
	GlobalSection(ExtensibilityGlobals) = postSolution
		SolutionGuid = {6E89F62F-A74A-44FC-892E-69E697700965}
	EndGlobalSection
EndGlobal
